
Microsoft Visual Studio Solution File, Format Version 12.00
# Visual Studio 15
VisualStudioVersion = 15.0.27428.2037
MinimumVisualStudioVersion = 10.0.40219.1
Project("{FAE04EC0-301F-11D3-BF4B-00C04F79EFBC}") = "XSLibrary", "XSLibrary\XSLibrary.csproj", "{3F4FE9F4-EBE9-4A3D-9609-77C6A1E4621E}"
EndProject
Global
	GlobalSection(SolutionConfigurationPlatforms) = preSolution
		Debug|Any CPU = Debug|Any CPU
		Debug|x64 = Debug|x64
		Release|Any CPU = Release|Any CPU
		Release|x64 = Release|x64
		Trace|Any CPU = Trace|Any CPU
		Trace|x64 = Trace|x64
	EndGlobalSection
	GlobalSection(ProjectConfigurationPlatforms) = postSolution
		{3F4FE9F4-EBE9-4A3D-9609-77C6A1E4621E}.Debug|Any CPU.ActiveCfg = Debug|Any CPU
		{3F4FE9F4-EBE9-4A3D-9609-77C6A1E4621E}.Debug|Any CPU.Build.0 = Debug|Any CPU
		{3F4FE9F4-EBE9-4A3D-9609-77C6A1E4621E}.Debug|x64.ActiveCfg = Debug|Any CPU
		{3F4FE9F4-EBE9-4A3D-9609-77C6A1E4621E}.Debug|x64.Build.0 = Debug|Any CPU
		{3F4FE9F4-EBE9-4A3D-9609-77C6A1E4621E}.Release|Any CPU.ActiveCfg = Release|Any CPU
		{3F4FE9F4-EBE9-4A3D-9609-77C6A1E4621E}.Release|Any CPU.Build.0 = Release|Any CPU
		{3F4FE9F4-EBE9-4A3D-9609-77C6A1E4621E}.Release|x64.ActiveCfg = Release|Any CPU
		{3F4FE9F4-EBE9-4A3D-9609-77C6A1E4621E}.Release|x64.Build.0 = Release|Any CPU
		{3F4FE9F4-EBE9-4A3D-9609-77C6A1E4621E}.Trace|Any CPU.ActiveCfg = Release|Any CPU
		{3F4FE9F4-EBE9-4A3D-9609-77C6A1E4621E}.Trace|Any CPU.Build.0 = Release|Any CPU
		{3F4FE9F4-EBE9-4A3D-9609-77C6A1E4621E}.Trace|x64.ActiveCfg = Release|Any CPU
		{3F4FE9F4-EBE9-4A3D-9609-77C6A1E4621E}.Trace|x64.Build.0 = Release|Any CPU
	EndGlobalSection
	GlobalSection(SolutionProperties) = preSolution
		HideSolutionNode = FALSE
	EndGlobalSection
	GlobalSection(ExtensibilityGlobals) = postSolution
		SolutionGuid = {D82035C0-A0FA-40A5-9B13-1F7DCEE8C623}
	EndGlobalSection
EndGlobal
